// !$*UTF8*$!
{
	archiveVersion = 1;
	classes = {
	};
	objectVersion = 46;
	objects = {

/* Begin PBXBuildFile section */
		381C55881A7C340B0018EDB5 /* Upload.png in Resources */ = {isa = PBXBuildFile; fileRef = 381C55871A7C340B0018EDB5 /* Upload.png */; };
		381C558A1A7C343C0018EDB5 /* Albums.png in Resources */ = {isa = PBXBuildFile; fileRef = 381C55891A7C343C0018EDB5 /* Albums.png */; };
		381C558C1A7C34470018EDB5 /* Contact.png in Resources */ = {isa = PBXBuildFile; fileRef = 381C558B1A7C34470018EDB5 /* Contact.png */; };
		387083701A7A21E600355B7A /* main.m in Sources */ = {isa = PBXBuildFile; fileRef = 3870836F1A7A21E600355B7A /* main.m */; };
		387083731A7A21E600355B7A /* AppDelegate.m in Sources */ = {isa = PBXBuildFile; fileRef = 387083721A7A21E600355B7A /* AppDelegate.m */; };
		387083761A7A21E600355B7A /* FirstViewController.m in Sources */ = {isa = PBXBuildFile; fileRef = 387083751A7A21E600355B7A /* FirstViewController.m */; };
		387083791A7A21E600355B7A /* SecondViewController.m in Sources */ = {isa = PBXBuildFile; fileRef = 387083781A7A21E600355B7A /* SecondViewController.m */; };
		3870837C1A7A21E600355B7A /* Main.storyboard in Resources */ = {isa = PBXBuildFile; fileRef = 3870837A1A7A21E600355B7A /* Main.storyboard */; };
		3870837E1A7A21E600355B7A /* Images.xcassets in Resources */ = {isa = PBXBuildFile; fileRef = 3870837D1A7A21E600355B7A /* Images.xcassets */; };
		387083811A7A21E600355B7A /* LaunchScreen.xib in Resources */ = {isa = PBXBuildFile; fileRef = 3870837F1A7A21E600355B7A /* LaunchScreen.xib */; };
		3870838D1A7A21E600355B7A /* StudentCheckInTests.m in Sources */ = {isa = PBXBuildFile; fileRef = 3870838C1A7A21E600355B7A /* StudentCheckInTests.m */; };
		3879F4641A7A9E1E0061D306 /* libsqlite3.dylib in Frameworks */ = {isa = PBXBuildFile; fileRef = 3879F4631A7A9E1E0061D306 /* libsqlite3.dylib */; };
		3879F4711A7A9E380061D306 /* FMDatabase.m in Sources */ = {isa = PBXBuildFile; fileRef = 3879F4671A7A9E380061D306 /* FMDatabase.m */; };
		3879F4721A7A9E380061D306 /* FMDatabaseAdditions.m in Sources */ = {isa = PBXBuildFile; fileRef = 3879F4691A7A9E380061D306 /* FMDatabaseAdditions.m */; };
		3879F4731A7A9E380061D306 /* FMDatabasePool.m in Sources */ = {isa = PBXBuildFile; fileRef = 3879F46B1A7A9E380061D306 /* FMDatabasePool.m */; };
		3879F4741A7A9E380061D306 /* FMDatabaseQueue.m in Sources */ = {isa = PBXBuildFile; fileRef = 3879F46D1A7A9E380061D306 /* FMDatabaseQueue.m */; };
		3879F4751A7A9E380061D306 /* FMResultSet.m in Sources */ = {isa = PBXBuildFile; fileRef = 3879F4701A7A9E380061D306 /* FMResultSet.m */; };
		3879F4791A7B248B0061D306 /* CheckIN.sqlite in Resources */ = {isa = PBXBuildFile; fileRef = 3879F4781A7AA1CE0061D306 /* CheckIN.sqlite */; };
		38ED68051A7B52E70051F544 /* SendData.m in Sources */ = {isa = PBXBuildFile; fileRef = 38ED68041A7B52E70051F544 /* SendData.m */; };
		38ED68081A7B54990051F544 /* CHCSVParser.m in Sources */ = {isa = PBXBuildFile; fileRef = 38ED68071A7B54990051F544 /* CHCSVParser.m */; };
/* End PBXBuildFile section */

/* Begin PBXContainerItemProxy section */
		387083871A7A21E600355B7A /* PBXContainerItemProxy */ = {
			isa = PBXContainerItemProxy;
			containerPortal = 387083621A7A21E600355B7A /* Project object */;
			proxyType = 1;
			remoteGlobalIDString = 387083691A7A21E600355B7A;
			remoteInfo = StudentCheckIn;
		};
/* End PBXContainerItemProxy section */

/* Begin PBXFileReference section */
		381C55871A7C340B0018EDB5 /* Upload.png */ = {isa = PBXFileReference; lastKnownFileType = image.png; path = Upload.png; sourceTree = "<group>"; };
		381C55891A7C343C0018EDB5 /* Albums.png */ = {isa = PBXFileReference; lastKnownFileType = image.png; path = Albums.png; sourceTree = "<group>"; };
		381C558B1A7C34470018EDB5 /* Contact.png */ = {isa = PBXFileReference; lastKnownFileType = image.png; path = Contact.png; sourceTree = "<group>"; };
		3870836A1A7A21E600355B7A /* StudentCheckIn.app */ = {isa = PBXFileReference; explicitFileType = wrapper.application; includeInIndex = 0; path = StudentCheckIn.app; sourceTree = BUILT_PRODUCTS_DIR; };
		3870836E1A7A21E600355B7A /* Info.plist */ = {isa = PBXFileReference; lastKnownFileType = text.plist.xml; path = Info.plist; sourceTree = "<group>"; };
		3870836F1A7A21E600355B7A /* main.m */ = {isa = PBXFileReference; lastKnownFileType = sourcecode.c.objc; path = main.m; sourceTree = "<group>"; };
		387083711A7A21E600355B7A /* AppDelegate.h */ = {isa = PBXFileReference; lastKnownFileType = sourcecode.c.h; path = AppDelegate.h; sourceTree = "<group>"; };
		387083721A7A21E600355B7A /* AppDelegate.m */ = {isa = PBXFileReference; lastKnownFileType = sourcecode.c.objc; path = AppDelegate.m; sourceTree = "<group>"; };
		387083741A7A21E600355B7A /* FirstViewController.h */ = {isa = PBXFileReference; lastKnownFileType = sourcecode.c.h; path = FirstViewController.h; sourceTree = "<group>"; };
		387083751A7A21E600355B7A /* FirstViewController.m */ = {isa = PBXFileReference; lastKnownFileType = sourcecode.c.objc; path = FirstViewController.m; sourceTree = "<group>"; };
		387083771A7A21E600355B7A /* SecondViewController.h */ = {isa = PBXFileReference; lastKnownFileType = sourcecode.c.h; path = SecondViewController.h; sourceTree = "<group>"; };
		387083781A7A21E600355B7A /* SecondViewController.m */ = {isa = PBXFileReference; lastKnownFileType = sourcecode.c.objc; path = SecondViewController.m; sourceTree = "<group>"; };
		3870837B1A7A21E600355B7A /* Base */ = {isa = PBXFileReference; lastKnownFileType = file.storyboard; name = Base; path = Base.lproj/Main.storyboard; sourceTree = "<group>"; };
		3870837D1A7A21E600355B7A /* Images.xcassets */ = {isa = PBXFileReference; lastKnownFileType = folder.assetcatalog; path = Images.xcassets; sourceTree = "<group>"; };
		387083801A7A21E600355B7A /* Base */ = {isa = PBXFileReference; lastKnownFileType = file.xib; name = Base; path = Base.lproj/LaunchScreen.xib; sourceTree = "<group>"; };
		387083861A7A21E600355B7A /* StudentCheckInTests.xctest */ = {isa = PBXFileReference; explicitFileType = wrapper.cfbundle; includeInIndex = 0; path = StudentCheckInTests.xctest; sourceTree = BUILT_PRODUCTS_DIR; };
		3870838B1A7A21E600355B7A /* Info.plist */ = {isa = PBXFileReference; lastKnownFileType = text.plist.xml; path = Info.plist; sourceTree = "<group>"; };
		3870838C1A7A21E600355B7A /* StudentCheckInTests.m */ = {isa = PBXFileReference; lastKnownFileType = sourcecode.c.objc; path = StudentCheckInTests.m; sourceTree = "<group>"; };
		3879F4631A7A9E1E0061D306 /* libsqlite3.dylib */ = {isa = PBXFileReference; lastKnownFileType = "compiled.mach-o.dylib"; name = libsqlite3.dylib; path = usr/lib/libsqlite3.dylib; sourceTree = SDKROOT; };
		3879F4661A7A9E380061D306 /* FMDatabase.h */ = {isa = PBXFileReference; fileEncoding = 4; lastKnownFileType = sourcecode.c.h; path = FMDatabase.h; sourceTree = "<group>"; };
		3879F4671A7A9E380061D306 /* FMDatabase.m */ = {isa = PBXFileReference; fileEncoding = 4; lastKnownFileType = sourcecode.c.objc; path = FMDatabase.m; sourceTree = "<group>"; };
		3879F4681A7A9E380061D306 /* FMDatabaseAdditions.h */ = {isa = PBXFileReference; fileEncoding = 4; lastKnownFileType = sourcecode.c.h; path = FMDatabaseAdditions.h; sourceTree = "<group>"; };
		3879F4691A7A9E380061D306 /* FMDatabaseAdditions.m */ = {isa = PBXFileReference; fileEncoding = 4; lastKnownFileType = sourcecode.c.objc; path = FMDatabaseAdditions.m; sourceTree = "<group>"; };
		3879F46A1A7A9E380061D306 /* FMDatabasePool.h */ = {isa = PBXFileReference; fileEncoding = 4; lastKnownFileType = sourcecode.c.h; path = FMDatabasePool.h; sourceTree = "<group>"; };
		3879F46B1A7A9E380061D306 /* FMDatabasePool.m */ = {isa = PBXFileReference; fileEncoding = 4; lastKnownFileType = sourcecode.c.objc; path = FMDatabasePool.m; sourceTree = "<group>"; };
		3879F46C1A7A9E380061D306 /* FMDatabaseQueue.h */ = {isa = PBXFileReference; fileEncoding = 4; lastKnownFileType = sourcecode.c.h; path = FMDatabaseQueue.h; sourceTree = "<group>"; };
		3879F46D1A7A9E380061D306 /* FMDatabaseQueue.m */ = {isa = PBXFileReference; fileEncoding = 4; lastKnownFileType = sourcecode.c.objc; path = FMDatabaseQueue.m; sourceTree = "<group>"; };
		3879F46E1A7A9E380061D306 /* FMDB.h */ = {isa = PBXFileReference; fileEncoding = 4; lastKnownFileType = sourcecode.c.h; path = FMDB.h; sourceTree = "<group>"; };
		3879F46F1A7A9E380061D306 /* FMResultSet.h */ = {isa = PBXFileReference; fileEncoding = 4; lastKnownFileType = sourcecode.c.h; path = FMResultSet.h; sourceTree = "<group>"; };
		3879F4701A7A9E380061D306 /* FMResultSet.m */ = {isa = PBXFileReference; fileEncoding = 4; lastKnownFileType = sourcecode.c.objc; path = FMResultSet.m; sourceTree = "<group>"; };
		3879F4781A7AA1CE0061D306 /* CheckIN.sqlite */ = {isa = PBXFileReference; lastKnownFileType = file; path = CheckIN.sqlite; sourceTree = "<group>"; };
		38ED68031A7B52E70051F544 /* SendData.h */ = {isa = PBXFileReference; fileEncoding = 4; lastKnownFileType = sourcecode.c.h; path = SendData.h; sourceTree = "<group>"; };
		38ED68041A7B52E70051F544 /* SendData.m */ = {isa = PBXFileReference; fileEncoding = 4; lastKnownFileType = sourcecode.c.objc; path = SendData.m; sourceTree = "<group>"; };
		38ED68061A7B54990051F544 /* CHCSVParser.h */ = {isa = PBXFileReference; fileEncoding = 4; lastKnownFileType = sourcecode.c.h; path = CHCSVParser.h; sourceTree = "<group>"; };
		38ED68071A7B54990051F544 /* CHCSVParser.m */ = {isa = PBXFileReference; fileEncoding = 4; lastKnownFileType = sourcecode.c.objc; path = CHCSVParser.m; sourceTree = "<group>"; };
/* End PBXFileReference section */

/* Begin PBXFrameworksBuildPhase section */
		387083671A7A21E600355B7A /* Frameworks */ = {
			isa = PBXFrameworksBuildPhase;
			buildActionMask = 2147483647;
			files = (
				3879F4641A7A9E1E0061D306 /* libsqlite3.dylib in Frameworks */,
			);
			runOnlyForDeploymentPostprocessing = 0;
		};
		387083831A7A21E600355B7A /* Frameworks */ = {
			isa = PBXFrameworksBuildPhase;
			buildActionMask = 2147483647;
			files = (
			);
			runOnlyForDeploymentPostprocessing = 0;
		};
/* End PBXFrameworksBuildPhase section */

/* Begin PBXGroup section */
		387083611A7A21E600355B7A = {
			isa = PBXGroup;
			children = (
				3870836C1A7A21E600355B7A /* StudentCheckIn */,
				387083891A7A21E600355B7A /* StudentCheckInTests */,
				3870836B1A7A21E600355B7A /* Products */,
			);
			sourceTree = "<group>";
		};
		3870836B1A7A21E600355B7A /* Products */ = {
			isa = PBXGroup;
			children = (
				3870836A1A7A21E600355B7A /* StudentCheckIn.app */,
				387083861A7A21E600355B7A /* StudentCheckInTests.xctest */,
			);
			name = Products;
			sourceTree = "<group>";
		};
		3870836C1A7A21E600355B7A /* StudentCheckIn */ = {
			isa = PBXGroup;
			children = (
				387083711A7A21E600355B7A /* AppDelegate.h */,
				387083721A7A21E600355B7A /* AppDelegate.m */,
				387083741A7A21E600355B7A /* FirstViewController.h */,
				387083751A7A21E600355B7A /* FirstViewController.m */,
				387083771A7A21E600355B7A /* SecondViewController.h */,
				387083781A7A21E600355B7A /* SecondViewController.m */,
				38ED68031A7B52E70051F544 /* SendData.h */,
				38ED68041A7B52E70051F544 /* SendData.m */,
				3870837A1A7A21E600355B7A /* Main.storyboard */,
				3870837D1A7A21E600355B7A /* Images.xcassets */,
				3870837F1A7A21E600355B7A /* LaunchScreen.xib */,
				3870836D1A7A21E600355B7A /* Supporting Files */,
			);
			path = StudentCheckIn;
			sourceTree = "<group>";
		};
		3870836D1A7A21E600355B7A /* Supporting Files */ = {
			isa = PBXGroup;
			children = (
				381C558B1A7C34470018EDB5 /* Contact.png */,
				381C55891A7C343C0018EDB5 /* Albums.png */,
				381C55871A7C340B0018EDB5 /* Upload.png */,
				38ED68061A7B54990051F544 /* CHCSVParser.h */,
				38ED68071A7B54990051F544 /* CHCSVParser.m */,
				3879F4631A7A9E1E0061D306 /* libsqlite3.dylib */,
				3879F4781A7AA1CE0061D306 /* CheckIN.sqlite */,
				3879F4651A7A9E380061D306 /* fmdb */,
				3870836E1A7A21E600355B7A /* Info.plist */,
				3870836F1A7A21E600355B7A /* main.m */,
			);
			name = "Supporting Files";
			sourceTree = "<group>";
		};
		387083891A7A21E600355B7A /* StudentCheckInTests */ = {
			isa = PBXGroup;
			children = (
				3870838C1A7A21E600355B7A /* StudentCheckInTests.m */,
				3870838A1A7A21E600355B7A /* Supporting Files */,
			);
			path = StudentCheckInTests;
			sourceTree = "<group>";
		};
		3870838A1A7A21E600355B7A /* Supporting Files */ = {
			isa = PBXGroup;
			children = (
				3870838B1A7A21E600355B7A /* Info.plist */,
			);
			name = "Supporting Files";
			sourceTree = "<group>";
		};
		3879F4651A7A9E380061D306 /* fmdb */ = {
			isa = PBXGroup;
			children = (
				3879F4661A7A9E380061D306 /* FMDatabase.h */,
				3879F4671A7A9E380061D306 /* FMDatabase.m */,
				3879F4681A7A9E380061D306 /* FMDatabaseAdditions.h */,
				3879F4691A7A9E380061D306 /* FMDatabaseAdditions.m */,
				3879F46A1A7A9E380061D306 /* FMDatabasePool.h */,
				3879F46B1A7A9E380061D306 /* FMDatabasePool.m */,
				3879F46C1A7A9E380061D306 /* FMDatabaseQueue.h */,
				3879F46D1A7A9E380061D306 /* FMDatabaseQueue.m */,
				3879F46E1A7A9E380061D306 /* FMDB.h */,
				3879F46F1A7A9E380061D306 /* FMResultSet.h */,
				3879F4701A7A9E380061D306 /* FMResultSet.m */,
			);
			name = fmdb;
			path = ../fmdb;
			sourceTree = "<group>";
		};
/* End PBXGroup section */

/* Begin PBXNativeTarget section */
		387083691A7A21E600355B7A /* StudentCheckIn */ = {
			isa = PBXNativeTarget;
			buildConfigurationList = 387083901A7A21E600355B7A /* Build configuration list for PBXNativeTarget "StudentCheckIn" */;
			buildPhases = (
				387083661A7A21E600355B7A /* Sources */,
				387083671A7A21E600355B7A /* Frameworks */,
				387083681A7A21E600355B7A /* Resources */,
			);
			buildRules = (
			);
			dependencies = (
			);
			name = StudentCheckIn;
			productName = StudentCheckIn;
			productReference = 3870836A1A7A21E600355B7A /* StudentCheckIn.app */;
			productType = "com.apple.product-type.application";
		};
		387083851A7A21E600355B7A /* StudentCheckInTests */ = {
			isa = PBXNativeTarget;
			buildConfigurationList = 387083931A7A21E600355B7A /* Build configuration list for PBXNativeTarget "StudentCheckInTests" */;
			buildPhases = (
				387083821A7A21E600355B7A /* Sources */,
				387083831A7A21E600355B7A /* Frameworks */,
				387083841A7A21E600355B7A /* Resources */,
			);
			buildRules = (
			);
			dependencies = (
				387083881A7A21E600355B7A /* PBXTargetDependency */,
			);
			name = StudentCheckInTests;
			productName = StudentCheckInTests;
			productReference = 387083861A7A21E600355B7A /* StudentCheckInTests.xctest */;
			productType = "com.apple.product-type.bundle.unit-test";
		};
/* End PBXNativeTarget section */

/* Begin PBXProject section */
		387083621A7A21E600355B7A /* Project object */ = {
			isa = PBXProject;
			attributes = {
				LastUpgradeCheck = 0610;
				ORGANIZATIONNAME = "Chawatvish Worrapoj";
				TargetAttributes = {
					387083691A7A21E600355B7A = {
						CreatedOnToolsVersion = 6.1.1;
						DevelopmentTeam = ML5CY3BF72;
						SystemCapabilities = {
							com.apple.iCloud = {
								enabled = 0;
							};
						};
					};
					387083851A7A21E600355B7A = {
						CreatedOnToolsVersion = 6.1.1;
						TestTargetID = 387083691A7A21E600355B7A;
					};
				};
			};
			buildConfigurationList = 387083651A7A21E600355B7A /* Build configuration list for PBXProject "StudentCheckIn" */;
			compatibilityVersion = "Xcode 3.2";
			developmentRegion = English;
			hasScannedForEncodings = 0;
			knownRegions = (
				en,
				Base,
			);
			mainGroup = 387083611A7A21E600355B7A;
			productRefGroup = 3870836B1A7A21E600355B7A /* Products */;
			projectDirPath = "";
			projectRoot = "";
			targets = (
				387083691A7A21E600355B7A /* StudentCheckIn */,
				387083851A7A21E600355B7A /* StudentCheckInTests */,
			);
		};
/* End PBXProject section */

/* Begin PBXResourcesBuildPhase section */
		387083681A7A21E600355B7A /* Resources */ = {
			isa = PBXResourcesBuildPhase;
			buildActionMask = 2147483647;
			files = (
				3879F4791A7B248B0061D306 /* CheckIN.sqlite in Resources */,
				381C558A1A7C343C0018EDB5 /* Albums.png in Resources */,
				3870837C1A7A21E600355B7A /* Main.storyboard in Resources */,
				381C558C1A7C34470018EDB5 /* Contact.png in Resources */,
				387083811A7A21E600355B7A /* LaunchScreen.xib in Resources */,
				381C55881A7C340B0018EDB5 /* Upload.png in Resources */,
				3870837E1A7A21E600355B7A /* Images.xcassets in Resources */,
			);
			runOnlyForDeploymentPostprocessing = 0;
		};
		387083841A7A21E600355B7A /* Resources */ = {
			isa = PBXResourcesBuildPhase;
			buildActionMask = 2147483647;
			files = (
			);
			runOnlyForDeploymentPostprocessing = 0;
		};
/* End PBXResourcesBuildPhase section */

/* Begin PBXSourcesBuildPhase section */
		387083661A7A21E600355B7A /* Sources */ = {
			isa = PBXSourcesBuildPhase;
			buildActionMask = 2147483647;
			files = (
				387083791A7A21E600355B7A /* SecondViewController.m in Sources */,
				38ED68081A7B54990051F544 /* CHCSVParser.m in Sources */,
				3879F4741A7A9E380061D306 /* FMDatabaseQueue.m in Sources */,
				387083731A7A21E600355B7A /* AppDelegate.m in Sources */,
				387083761A7A21E600355B7A /* FirstViewController.m in Sources */,
				3879F4711A7A9E380061D306 /* FMDatabase.m in Sources */,
				3879F4731A7A9E380061D306 /* FMDatabasePool.m in Sources */,
				3879F4751A7A9E380061D306 /* FMResultSet.m in Sources */,
				38ED68051A7B52E70051F544 /* SendData.m in Sources */,
				387083701A7A21E600355B7A /* main.m in Sources */,
				3879F4721A7A9E380061D306 /* FMDatabaseAdditions.m in Sources */,
			);
			runOnlyForDeploymentPostprocessing = 0;
		};
		387083821A7A21E600355B7A /* Sources */ = {
			isa = PBXSourcesBuildPhase;
			buildActionMask = 2147483647;
			files = (
				3870838D1A7A21E600355B7A /* StudentCheckInTests.m in Sources */,
			);
			runOnlyForDeploymentPostprocessing = 0;
		};
/* End PBXSourcesBuildPhase section */

/* Begin PBXTargetDependency section */
		387083881A7A21E600355B7A /* PBXTargetDependency */ = {
			isa = PBXTargetDependency;
			target = 387083691A7A21E600355B7A /* StudentCheckIn */;
			targetProxy = 387083871A7A21E600355B7A /* PBXContainerItemProxy */;
		};
/* End PBXTargetDependency section */

/* Begin PBXVariantGroup section */
		3870837A1A7A21E600355B7A /* Main.storyboard */ = {
			isa = PBXVariantGroup;
			children = (
				3870837B1A7A21E600355B7A /* Base */,
			);
			name = Main.storyboard;
			sourceTree = "<group>";
		};
		3870837F1A7A21E600355B7A /* LaunchScreen.xib */ = {
			isa = PBXVariantGroup;
			children = (
				387083801A7A21E600355B7A /* Base */,
			);
			name = LaunchScreen.xib;
			sourceTree = "<group>";
		};
/* End PBXVariantGroup section */

/* Begin XCBuildConfiguration section */
		3870838E1A7A21E600355B7A /* Debug */ = {
			isa = XCBuildConfiguration;
			buildSettings = {
				ALWAYS_SEARCH_USER_PATHS = NO;
				CLANG_CXX_LANGUAGE_STANDARD = "gnu++0x";
				CLANG_CXX_LIBRARY = "libc++";
				CLANG_ENABLE_MODULES = YES;
				CLANG_ENABLE_OBJC_ARC = YES;
				CLANG_WARN_BOOL_CONVERSION = YES;
				CLANG_WARN_CONSTANT_CONVERSION = YES;
				CLANG_WARN_DIRECT_OBJC_ISA_USAGE = YES_ERROR;
				CLANG_WARN_EMPTY_BODY = YES;
				CLANG_WARN_ENUM_CONVERSION = YES;
				CLANG_WARN_INT_CONVERSION = YES;
				CLANG_WARN_OBJC_ROOT_CLASS = YES_ERROR;
				CLANG_WARN_UNREACHABLE_CODE = YES;
				CLANG_WARN__DUPLICATE_METHOD_MATCH = YES;
				"CODE_SIGN_IDENTITY[sdk=iphoneos*]" = "iPhone Developer";
				COPY_PHASE_STRIP = NO;
				ENABLE_STRICT_OBJC_MSGSEND = YES;
				GCC_C_LANGUAGE_STANDARD = gnu99;
				GCC_DYNAMIC_NO_PIC = NO;
				GCC_OPTIMIZATION_LEVEL = 0;
				GCC_PREPROCESSOR_DEFINITIONS = (
					"DEBUG=1",
					"$(inherited)",
				);
				GCC_SYMBOLS_PRIVATE_EXTERN = NO;
				GCC_WARN_64_TO_32_BIT_CONVERSION = YES;
				GCC_WARN_ABOUT_RETURN_TYPE = YES_ERROR;
				GCC_WARN_UNDECLARED_SELECTOR = YES;
				GCC_WARN_UNINITIALIZED_AUTOS = YES_AGGRESSIVE;
				GCC_WARN_UNUSED_FUNCTION = YES;
				GCC_WARN_UNUSED_VARIABLE = YES;
				IPHONEOS_DEPLOYMENT_TARGET = 8.1;
				MTL_ENABLE_DEBUG_INFO = YES;
				ONLY_ACTIVE_ARCH = YES;
				SDKROOT = iphoneos;
			};
			name = Debug;
		};
		3870838F1A7A21E600355B7A /* Release */ = {
			isa = XCBuildConfiguration;
			buildSettings = {
				ALWAYS_SEARCH_USER_PATHS = NO;
				CLANG_CXX_LANGUAGE_STANDARD = "gnu++0x";
				CLANG_CXX_LIBRARY = "libc++";
				CLANG_ENABLE_MODULES = YES;
				CLANG_ENABLE_OBJC_ARC = YES;
				CLANG_WARN_BOOL_CONVERSION = YES;
				CLANG_WARN_CONSTANT_CONVERSION = YES;
				CLANG_WARN_DIRECT_OBJC_ISA_USAGE = YES_ERROR;
				CLANG_WARN_EMPTY_BODY = YES;
				CLANG_WARN_ENUM_CONVERSION = YES;
				CLANG_WARN_INT_CONVERSION = YES;
				CLANG_WARN_OBJC_ROOT_CLASS = YES_ERROR;
				CLANG_WARN_UNREACHABLE_CODE = YES;
				CLANG_WARN__DUPLICATE_METHOD_MATCH = YES;
				"CODE_SIGN_IDENTITY[sdk=iphoneos*]" = "iPhone Developer";
				COPY_PHASE_STRIP = YES;
				ENABLE_NS_ASSERTIONS = NO;
				ENABLE_STRICT_OBJC_MSGSEND = YES;
				GCC_C_LANGUAGE_STANDARD = gnu99;
				GCC_WARN_64_TO_32_BIT_CONVERSION = YES;
				GCC_WARN_ABOUT_RETURN_TYPE = YES_ERROR;
				GCC_WARN_UNDECLARED_SELECTOR = YES;
				GCC_WARN_UNINITIALIZED_AUTOS = YES_AGGRESSIVE;
				GCC_WARN_UNUSED_FUNCTION = YES;
				GCC_WARN_UNUSED_VARIABLE = YES;
				IPHONEOS_DEPLOYMENT_TARGET = 8.1;
				MTL_ENABLE_DEBUG_INFO = NO;
				SDKROOT = iphoneos;
				VALIDATE_PRODUCT = YES;
			};
			name = Release;
		};
		387083911A7A21E600355B7A /* Debug */ = {
			isa = XCBuildConfiguration;
			buildSettings = {
				ASSETCATALOG_COMPILER_APPICON_NAME = AppIcon;
				CODE_SIGN_IDENTITY = "iPhone Developer";
				"CODE_SIGN_IDENTITY[sdk=iphoneos*]" = "iPhone Developer";
				INFOPLIST_FILE = StudentCheckIn/Info.plist;
				LD_RUNPATH_SEARCH_PATHS = "$(inherited) @executable_path/Frameworks";
				PRODUCT_NAME = "$(TARGET_NAME)";
				PROVISIONING_PROFILE = "";
			};
			name = Debug;
		};
		387083921A7A21E600355B7A /* Release */ = {
			isa = XCBuildConfiguration;
			buildSettings = {
				ASSETCATALOG_COMPILER_APPICON_NAME = AppIcon;
				CODE_SIGN_IDENTITY = "iPhone Developer";
				"CODE_SIGN_IDENTITY[sdk=iphoneos*]" = "iPhone Developer";
				INFOPLIST_FILE = StudentCheckIn/Info.plist;
				LD_RUNPATH_SEARCH_PATHS = "$(inherited) @executable_path/Frameworks";
				PRODUCT_NAME = "$(TARGET_NAME)";
				PROVISIONING_PROFILE = "";
			};
			name = Release;
		};
		387083941A7A21E600355B7A /* Debug */ = {
			isa = XCBuildConfiguration;
			buildSettings = {
				BUNDLE_LOADER = "$(TEST_HOST)";
				FRAMEWORK_SEARCH_PATHS = (
					"$(SDKROOT)/Developer/Library/Frameworks",
					"$(inherited)",
				);
				GCC_PREPROCESSOR_DEFINITIONS = (
					"DEBUG=1",
					"$(inherited)",
				);
				INFOPLIST_FILE = StudentCheckInTests/Info.plist;
				LD_RUNPATH_SEARCH_PATHS = "$(inherited) @executable_path/Frameworks @loader_path/Frameworks";
				PRODUCT_NAME = "$(TARGET_NAME)";
				TEST_HOST = "$(BUILT_PRODUCTS_DIR)/StudentCheckIn.app/StudentCheckIn";
			};
			name = Debug;
		};
		387083951A7A21E600355B7A /* Release */ = {
			isa = XCBuildConfiguration;
			buildSettings = {
				BUNDLE_LOADER = "$(TEST_HOST)";
				FRAMEWORK_SEARCH_PATHS = (
					"$(SDKROOT)/Developer/Library/Frameworks",
					"$(inherited)",
				);
				INFOPLIST_FILE = StudentCheckInTests/Info.plist;
				LD_RUNPATH_SEARCH_PATHS = "$(inherited) @executable_path/Frameworks @loader_path/Frameworks";
				PRODUCT_NAME = "$(TARGET_NAME)";
				TEST_HOST = "$(BUILT_PRODUCTS_DIR)/StudentCheckIn.app/StudentCheckIn";
			};
			name = Release;
		};
/* End XCBuildConfiguration section */

/* Begin XCConfigurationList section */
		387083651A7A21E600355B7A /* Build configuration list for PBXProject "StudentCheckIn" */ = {
			isa = XCConfigurationList;
			buildConfigurations = (
				3870838E1A7A21E600355B7A /* Debug */,
				3870838F1A7A21E600355B7A /* Release */,
			);
			defaultConfigurationIsVisible = 0;
			defaultConfigurationName = Release;
		};
		387083901A7A21E600355B7A /* Build configuration list for PBXNativeTarget "StudentCheckIn" */ = {
			isa = XCConfigurationList;
			buildConfigurations = (
				387083911A7A21E600355B7A /* Debug */,
				387083921A7A21E600355B7A /* Release */,
			);
			defaultConfigurationIsVisible = 0;
			defaultConfigurationName = Release;
		};
		387083931A7A21E600355B7A /* Build configuration list for PBXNativeTarget "StudentCheckInTests" */ = {
			isa = XCConfigurationList;
			buildConfigurations = (
				387083941A7A21E600355B7A /* Debug */,
				387083951A7A21E600355B7A /* Release */,
			);
			defaultConfigurationIsVisible = 0;
			defaultConfigurationName = Release;
		};
/* End XCConfigurationList section */
	};
	rootObject = 387083621A7A21E600355B7A /* Project object */;
}
